// !$*UTF8*$!
{
	archiveVersion = 1;
	classes = {
	};
	objectVersion = 48;
	objects = {

/* Begin PBXBuildFile section */
		6332C9FB20245FA40098C76D /* AppDelegate.swift in Sources */ = {isa = PBXBuildFile; fileRef = 6332C9FA20245FA40098C76D /* AppDelegate.swift */; };
		6332C9FD20245FA40098C76D /* ViewController.swift in Sources */ = {isa = PBXBuildFile; fileRef = 6332C9FC20245FA40098C76D /* ViewController.swift */; };
		6332CA0020245FA40098C76D /* Main.storyboard in Resources */ = {isa = PBXBuildFile; fileRef = 6332C9FE20245FA40098C76D /* Main.storyboard */; };
		6332CA0220245FA40098C76D /* Assets.xcassets in Resources */ = {isa = PBXBuildFile; fileRef = 6332CA0120245FA40098C76D /* Assets.xcassets */; };
		6332CA0520245FA40098C76D /* LaunchScreen.storyboard in Resources */ = {isa = PBXBuildFile; fileRef = 6332CA0320245FA40098C76D /* LaunchScreen.storyboard */; };
		6332CA1020245FA40098C76D /* Fri2febLayoutTests.swift in Sources */ = {isa = PBXBuildFile; fileRef = 6332CA0F20245FA40098C76D /* Fri2febLayoutTests.swift */; };
/* End PBXBuildFile section */

/* Begin PBXContainerItemProxy section */
		6332CA0C20245FA40098C76D /* PBXContainerItemProxy */ = {
			isa = PBXContainerItemProxy;
			containerPortal = 6332C9EF20245FA40098C76D /* Project object */;
			proxyType = 1;
			remoteGlobalIDString = 6332C9F620245FA40098C76D;
			remoteInfo = Fri2febLayout;
		};
/* End PBXContainerItemProxy section */

/* Begin PBXFileReference section */
		6332C9F720245FA40098C76D /* Fri2febLayout.app */ = {isa = PBXFileReference; explicitFileType = wrapper.application; includeInIndex = 0; path = Fri2febLayout.app; sourceTree = BUILT_PRODUCTS_DIR; };
		6332C9FA20245FA40098C76D /* AppDelegate.swift */ = {isa = PBXFileReference; lastKnownFileType = sourcecode.swift; path = AppDelegate.swift; sourceTree = "<group>"; };
		6332C9FC20245FA40098C76D /* ViewController.swift */ = {isa = PBXFileReference; lastKnownFileType = sourcecode.swift; path = ViewController.swift; sourceTree = "<group>"; };
		6332C9FF20245FA40098C76D /* Base */ = {isa = PBXFileReference; lastKnownFileType = file.storyboard; name = Base; path = Base.lproj/Main.storyboard; sourceTree = "<group>"; };
		6332CA0120245FA40098C76D /* Assets.xcassets */ = {isa = PBXFileReference; lastKnownFileType = folder.assetcatalog; path = Assets.xcassets; sourceTree = "<group>"; };
		6332CA0420245FA40098C76D /* Base */ = {isa = PBXFileReference; lastKnownFileType = file.storyboard; name = Base; path = Base.lproj/LaunchScreen.storyboard; sourceTree = "<group>"; };
		6332CA0620245FA40098C76D /* Info.plist */ = {isa = PBXFileReference; lastKnownFileType = text.plist.xml; path = Info.plist; sourceTree = "<group>"; };
		6332CA0B20245FA40098C76D /* Fri2febLayoutTests.xctest */ = {isa = PBXFileReference; explicitFileType = wrapper.cfbundle; includeInIndex = 0; path = Fri2febLayoutTests.xctest; sourceTree = BUILT_PRODUCTS_DIR; };
		6332CA0F20245FA40098C76D /* Fri2febLayoutTests.swift */ = {isa = PBXFileReference; lastKnownFileType = sourcecode.swift; path = Fri2febLayoutTests.swift; sourceTree = "<group>"; };
		6332CA1120245FA40098C76D /* Info.plist */ = {isa = PBXFileReference; lastKnownFileType = text.plist.xml; path = Info.plist; sourceTree = "<group>"; };
/* End PBXFileReference section */

/* Begin PBXFrameworksBuildPhase section */
		6332C9F420245FA40098C76D /* Frameworks */ = {
			isa = PBXFrameworksBuildPhase;
			buildActionMask = 2147483647;
			files = (
			);
			runOnlyForDeploymentPostprocessing = 0;
		};
		6332CA0820245FA40098C76D /* Frameworks */ = {
			isa = PBXFrameworksBuildPhase;
			buildActionMask = 2147483647;
			files = (
			);
			runOnlyForDeploymentPostprocessing = 0;
		};
/* End PBXFrameworksBuildPhase section */

/* Begin PBXGroup section */
		6332C9EE20245FA40098C76D = {
			isa = PBXGroup;
			children = (
				6332C9F920245FA40098C76D /* Fri2febLayout */,
				6332CA0E20245FA40098C76D /* Fri2febLayoutTests */,
				6332C9F820245FA40098C76D /* Products */,
			);
			sourceTree = "<group>";
		};
		6332C9F820245FA40098C76D /* Products */ = {
			isa = PBXGroup;
			children = (
				6332C9F720245FA40098C76D /* Fri2febLayout.app */,
				6332CA0B20245FA40098C76D /* Fri2febLayoutTests.xctest */,
			);
			name = Products;
			sourceTree = "<group>";
		};
		6332C9F920245FA40098C76D /* Fri2febLayout */ = {
			isa = PBXGroup;
			children = (
				6332C9FA20245FA40098C76D /* AppDelegate.swift */,
				6332C9FC20245FA40098C76D /* ViewController.swift */,
				6332C9FE20245FA40098C76D /* Main.storyboard */,
				6332CA0120245FA40098C76D /* Assets.xcassets */,
				6332CA0320245FA40098C76D /* LaunchScreen.storyboard */,
				6332CA0620245FA40098C76D /* Info.plist */,
			);
			path = Fri2febLayout;
			sourceTree = "<group>";
		};
		6332CA0E20245FA40098C76D /* Fri2febLayoutTests */ = {
			isa = PBXGroup;
			children = (
				6332CA0F20245FA40098C76D /* Fri2febLayoutTests.swift */,
				6332CA1120245FA40098C76D /* Info.plist */,
			);
			path = Fri2febLayoutTests;
			sourceTree = "<group>";
		};
/* End PBXGroup section */

/* Begin PBXNativeTarget section */
		6332C9F620245FA40098C76D /* Fri2febLayout */ = {
			isa = PBXNativeTarget;
			buildConfigurationList = 6332CA1420245FA40098C76D /* Build configuration list for PBXNativeTarget "Fri2febLayout" */;
			buildPhases = (
				6332C9F320245FA40098C76D /* Sources */,
				6332C9F420245FA40098C76D /* Frameworks */,
				6332C9F520245FA40098C76D /* Resources */,
			);
			buildRules = (
			);
			dependencies = (
			);
			name = Fri2febLayout;
			productName = Fri2febLayout;
			productReference = 6332C9F720245FA40098C76D /* Fri2febLayout.app */;
			productType = "com.apple.product-type.application";
		};
		6332CA0A20245FA40098C76D /* Fri2febLayoutTests */ = {
			isa = PBXNativeTarget;
			buildConfigurationList = 6332CA1720245FA40098C76D /* Build configuration list for PBXNativeTarget "Fri2febLayoutTests" */;
			buildPhases = (
				6332CA0720245FA40098C76D /* Sources */,
				6332CA0820245FA40098C76D /* Frameworks */,
				6332CA0920245FA40098C76D /* Resources */,
			);
			buildRules = (
			);
			dependencies = (
				6332CA0D20245FA40098C76D /* PBXTargetDependency */,
			);
			name = Fri2febLayoutTests;
			productName = Fri2febLayoutTests;
			productReference = 6332CA0B20245FA40098C76D /* Fri2febLayoutTests.xctest */;
			productType = "com.apple.product-type.bundle.unit-test";
		};
/* End PBXNativeTarget section */

/* Begin PBXProject section */
		6332C9EF20245FA40098C76D /* Project object */ = {
			isa = PBXProject;
			attributes = {
				LastSwiftUpdateCheck = 0920;
				LastUpgradeCheck = 0920;
				ORGANIZATIONNAME = "David Svensson";
				TargetAttributes = {
					6332C9F620245FA40098C76D = {
						CreatedOnToolsVersion = 9.2;
						ProvisioningStyle = Automatic;
					};
					6332CA0A20245FA40098C76D = {
						CreatedOnToolsVersion = 9.2;
						ProvisioningStyle = Automatic;
						TestTargetID = 6332C9F620245FA40098C76D;
					};
				};
			};
			buildConfigurationList = 6332C9F220245FA40098C76D /* Build configuration list for PBXProject "Fri2febLayout" */;
			compatibilityVersion = "Xcode 8.0";
			developmentRegion = en;
			hasScannedForEncodings = 0;
			knownRegions = (
				en,
				Base,
			);
			mainGroup = 6332C9EE20245FA40098C76D;
			productRefGroup = 6332C9F820245FA40098C76D /* Products */;
			projectDirPath = "";
			projectRoot = "";
			targets = (
				6332C9F620245FA40098C76D /* Fri2febLayout */,
				6332CA0A20245FA40098C76D /* Fri2febLayoutTests */,
			);
		};
/* End PBXProject section */

/* Begin PBXResourcesBuildPhase section */
		6332C9F520245FA40098C76D /* Resources */ = {
			isa = PBXResourcesBuildPhase;
			buildActionMask = 2147483647;
			files = (
				6332CA0520245FA40098C76D /* LaunchScreen.storyboard in Resources */,
				6332CA0220245FA40098C76D /* Assets.xcassets in Resources */,
				6332CA0020245FA40098C76D /* Main.storyboard in Resources */,
			);
			runOnlyForDeploymentPostprocessing = 0;
		};
		6332CA0920245FA40098C76D /* Resources */ = {
			isa = PBXResourcesBuildPhase;
			buildActionMask = 2147483647;
			files = (
			);
			runOnlyForDeploymentPostprocessing = 0;
		};
/* End PBXResourcesBuildPhase section */

/* Begin PBXSourcesBuildPhase section */
		6332C9F320245FA40098C76D /* Sources */ = {
			isa = PBXSourcesBuildPhase;
			buildActionMask = 2147483647;
			files = (
				6332C9FD20245FA40098C76D /* ViewController.swift in Sources */,
				6332C9FB20245FA40098C76D /* AppDelegate.swift in Sources */,
			);
			runOnlyForDeploymentPostprocessing = 0;
		};
		6332CA0720245FA40098C76D /* Sources */ = {
			isa = PBXSourcesBuildPhase;
			buildActionMask = 2147483647;
			files = (
				6332CA1020245FA40098C76D /* Fri2febLayoutTests.swift in Sources */,
			);
			runOnlyForDeploymentPostprocessing = 0;
		};
/* End PBXSourcesBuildPhase section */

/* Begin PBXTargetDependency section */
		6332CA0D20245FA40098C76D /* PBXTargetDependency */ = {
			isa = PBXTargetDependency;
			target = 6332C9F620245FA40098C76D /* Fri2febLayout */;
			targetProxy = 6332CA0C20245FA40098C76D /* PBXContainerItemProxy */;
		};
/* End PBXTargetDependency section */

/* Begin PBXVariantGroup section */
		6332C9FE20245FA40098C76D /* Main.storyboard */ = {
			isa = PBXVariantGroup;
			children = (
				6332C9FF20245FA40098C76D /* Base */,
			);
			name = Main.storyboard;
			sourceTree = "<group>";
		};
		6332CA0320245FA40098C76D /* LaunchScreen.storyboard */ = {
			isa = PBXVariantGroup;
			children = (
				6332CA0420245FA40098C76D /* Base */,
			);
			name = LaunchScreen.storyboard;
			sourceTree = "<group>";
		};
/* End PBXVariantGroup section */

/* Begin XCBuildConfiguration section */
		6332CA1220245FA40098C76D /* Debug */ = {
			isa = XCBuildConfiguration;
			buildSettings = {
				ALWAYS_SEARCH_USER_PATHS = NO;
				CLANG_ANALYZER_NONNULL = YES;
				CLANG_ANALYZER_NUMBER_OBJECT_CONVERSION = YES_AGGRESSIVE;
				CLANG_CXX_LANGUAGE_STANDARD = "gnu++14";
				CLANG_CXX_LIBRARY = "libc++";
				CLANG_ENABLE_MODULES = YES;
				CLANG_ENABLE_OBJC_ARC = YES;
				CLANG_WARN_BLOCK_CAPTURE_AUTORELEASING = YES;
				CLANG_WARN_BOOL_CONVERSION = YES;
				CLANG_WARN_COMMA = YES;
				CLANG_WARN_CONSTANT_CONVERSION = YES;
				CLANG_WARN_DIRECT_OBJC_ISA_USAGE = YES_ERROR;
				CLANG_WARN_DOCUMENTATION_COMMENTS = YES;
				CLANG_WARN_EMPTY_BODY = YES;
				CLANG_WARN_ENUM_CONVERSION = YES;
				CLANG_WARN_INFINITE_RECURSION = YES;
				CLANG_WARN_INT_CONVERSION = YES;
				CLANG_WARN_NON_LITERAL_NULL_CONVERSION = YES;
				CLANG_WARN_OBJC_LITERAL_CONVERSION = YES;
				CLANG_WARN_OBJC_ROOT_CLASS = YES_ERROR;
				CLANG_WARN_RANGE_LOOP_ANALYSIS = YES;
				CLANG_WARN_STRICT_PROTOTYPES = YES;
				CLANG_WARN_SUSPICIOUS_MOVE = YES;
				CLANG_WARN_UNGUARDED_AVAILABILITY = YES_AGGRESSIVE;
				CLANG_WARN_UNREACHABLE_CODE = YES;
				CLANG_WARN__DUPLICATE_METHOD_MATCH = YES;
				CODE_SIGN_IDENTITY = "iPhone Developer";
				COPY_PHASE_STRIP = NO;
				DEBUG_INFORMATION_FORMAT = dwarf;
				ENABLE_STRICT_OBJC_MSGSEND = YES;
				ENABLE_TESTABILITY = YES;
				GCC_C_LANGUAGE_STANDARD = gnu11;
				GCC_DYNAMIC_NO_PIC = NO;
				GCC_NO_COMMON_BLOCKS = YES;
				GCC_OPTIMIZATION_LEVEL = 0;
				GCC_PREPROCESSOR_DEFINITIONS = (
					"DEBUG=1",
					"$(inherited)",
				);
				GCC_WARN_64_TO_32_BIT_CONVERSION = YES;
				GCC_WARN_ABOUT_RETURN_TYPE = YES_ERROR;
				GCC_WARN_UNDECLARED_SELECTOR = YES;
				GCC_WARN_UNINITIALIZED_AUTOS = YES_AGGRESSIVE;
				GCC_WARN_UNUSED_FUNCTION = YES;
				GCC_WARN_UNUSED_VARIABLE = YES;
				IPHONEOS_DEPLOYMENT_TARGET = 11.2;
				MTL_ENABLE_DEBUG_INFO = YES;
				ONLY_ACTIVE_ARCH = YES;
				SDKROOT = iphoneos;
				SWIFT_ACTIVE_COMPILATION_CONDITIONS = DEBUG;
				SWIFT_OPTIMIZATION_LEVEL = "-Onone";
			};
			name = Debug;
		};
		6332CA1320245FA40098C76D /* Release */ = {
			isa = XCBuildConfiguration;
			buildSettings = {
				ALWAYS_SEARCH_USER_PATHS = NO;
				CLANG_ANALYZER_NONNULL = YES;
				CLANG_ANALYZER_NUMBER_OBJECT_CONVERSION = YES_AGGRESSIVE;
				CLANG_CXX_LANGUAGE_STANDARD = "gnu++14";
				CLANG_CXX_LIBRARY = "libc++";
				CLANG_ENABLE_MODULES = YES;
				CLANG_ENABLE_OBJC_ARC = YES;
				CLANG_WARN_BLOCK_CAPTURE_AUTORELEASING = YES;
				CLANG_WARN_BOOL_CONVERSION = YES;
				CLANG_WARN_COMMA = YES;
				CLANG_WARN_CONSTANT_CONVERSION = YES;
				CLANG_WARN_DIRECT_OBJC_ISA_USAGE = YES_ERROR;
				CLANG_WARN_DOCUMENTATION_COMMENTS = YES;
				CLANG_WARN_EMPTY_BODY = YES;
				CLANG_WARN_ENUM_CONVERSION = YES;
				CLANG_WARN_INFINITE_RECURSION = YES;
				CLANG_WARN_INT_CONVERSION = YES;
				CLANG_WARN_NON_LITERAL_NULL_CONVERSION = YES;
				CLANG_WARN_OBJC_LITERAL_CONVERSION = YES;
				CLANG_WARN_OBJC_ROOT_CLASS = YES_ERROR;
				CLANG_WARN_RANGE_LOOP_ANALYSIS = YES;
				CLANG_WARN_STRICT_PROTOTYPES = YES;
				CLANG_WARN_SUSPICIOUS_MOVE = YES;
				CLANG_WARN_UNGUARDED_AVAILABILITY = YES_AGGRESSIVE;
				CLANG_WARN_UNREACHABLE_CODE = YES;
				CLANG_WARN__DUPLICATE_METHOD_MATCH = YES;
				CODE_SIGN_IDENTITY = "iPhone Developer";
				COPY_PHASE_STRIP = NO;
				DEBUG_INFORMATION_FORMAT = "dwarf-with-dsym";
				ENABLE_NS_ASSERTIONS = NO;
				ENABLE_STRICT_OBJC_MSGSEND = YES;
				GCC_C_LANGUAGE_STANDARD = gnu11;
				GCC_NO_COMMON_BLOCKS = YES;
				GCC_WARN_64_TO_32_BIT_CONVERSION = YES;
				GCC_WARN_ABOUT_RETURN_TYPE = YES_ERROR;
				GCC_WARN_UNDECLARED_SELECTOR = YES;
				GCC_WARN_UNINITIALIZED_AUTOS = YES_AGGRESSIVE;
				GCC_WARN_UNUSED_FUNCTION = YES;
				GCC_WARN_UNUSED_VARIABLE = YES;
				IPHONEOS_DEPLOYMENT_TARGET = 11.2;
				MTL_ENABLE_DEBUG_INFO = NO;
				SDKROOT = iphoneos;
				SWIFT_OPTIMIZATION_LEVEL = "-Owholemodule";
				VALIDATE_PRODUCT = YES;
			};
			name = Release;
		};
		6332CA1520245FA40098C76D /* Debug */ = {
			isa = XCBuildConfiguration;
			buildSettings = {
				ASSETCATALOG_COMPILER_APPICON_NAME = AppIcon;
				CODE_SIGN_STYLE = Automatic;
				INFOPLIST_FILE = Fri2febLayout/Info.plist;
				LD_RUNPATH_SEARCH_PATHS = "$(inherited) @executable_path/Frameworks";
				PRODUCT_BUNDLE_IDENTIFIER = se.nackademin.ma17.Fri2febLayout;
				PRODUCT_NAME = "$(TARGET_NAME)";
				SWIFT_VERSION = 4.0;
				TARGETED_DEVICE_FAMILY = "1,2";
			};
			name = Debug;
		};
		6332CA1620245FA40098C76D /* Release */ = {
			isa = XCBuildConfiguration;
			buildSettings = {
				ASSETCATALOG_COMPILER_APPICON_NAME = AppIcon;
				CODE_SIGN_STYLE = Automatic;
				INFOPLIST_FILE = Fri2febLayout/Info.plist;
				LD_RUNPATH_SEARCH_PATHS = "$(inherited) @executable_path/Frameworks";
				PRODUCT_BUNDLE_IDENTIFIER = se.nackademin.ma17.Fri2febLayout;
				PRODUCT_NAME = "$(TARGET_NAME)";
				SWIFT_VERSION = 4.0;
				TARGETED_DEVICE_FAMILY = "1,2";
			};
			name = Release;
		};
		6332CA1820245FA40098C76D /* Debug */ = {
			isa = XCBuildConfiguration;
			buildSettings = {
				ALWAYS_EMBED_SWIFT_STANDARD_LIBRARIES = YES;
				BUNDLE_LOADER = "$(TEST_HOST)";
				CODE_SIGN_STYLE = Automatic;
				INFOPLIST_FILE = Fri2febLayoutTests/Info.plist;
				LD_RUNPATH_SEARCH_PATHS = "$(inherited) @executable_path/Frameworks @loader_path/Frameworks";
				PRODUCT_BUNDLE_IDENTIFIER = se.nackademin.ma17.Fri2febLayoutTests;
				PRODUCT_NAME = "$(TARGET_NAME)";
				SWIFT_VERSION = 4.0;
				TARGETED_DEVICE_FAMILY = "1,2";
				TEST_HOST = "$(BUILT_PRODUCTS_DIR)/Fri2febLayout.app/Fri2febLayout";
			};
			name = Debug;
		};
		6332CA1920245FA40098C76D /* Release */ = {
			isa = XCBuildConfiguration;
			buildSettings = {
				ALWAYS_EMBED_SWIFT_STANDARD_LIBRARIES = YES;
				BUNDLE_LOADER = "$(TEST_HOST)";
				CODE_SIGN_STYLE = Automatic;
				INFOPLIST_FILE = Fri2febLayoutTests/Info.plist;
				LD_RUNPATH_SEARCH_PATHS = "$(inherited) @executable_path/Frameworks @loader_path/Frameworks";
				PRODUCT_BUNDLE_IDENTIFIER = se.nackademin.ma17.Fri2febLayoutTests;
				PRODUCT_NAME = "$(TARGET_NAME)";
				SWIFT_VERSION = 4.0;
				TARGETED_DEVICE_FAMILY = "1,2";
				TEST_HOST = "$(BUILT_PRODUCTS_DIR)/Fri2febLayout.app/Fri2febLayout";
			};
			name = Release;
		};
/* End XCBuildConfiguration section */

/* Begin XCConfigurationList section */
		6332C9F220245FA40098C76D /* Build configuration list for PBXProject "Fri2febLayout" */ = {
			isa = XCConfigurationList;
			buildConfigurations = (
				6332CA1220245FA40098C76D /* Debug */,
				6332CA1320245FA40098C76D /* Release */,
			);
			defaultConfigurationIsVisible = 0;
			defaultConfigurationName = Release;
		};
		6332CA1420245FA40098C76D /* Build configuration list for PBXNativeTarget "Fri2febLayout" */ = {
			isa = XCConfigurationList;
			buildConfigurations = (
				6332CA1520245FA40098C76D /* Debug */,
				6332CA1620245FA40098C76D /* Release */,
			);
			defaultConfigurationIsVisible = 0;
			defaultConfigurationName = Release;
		};
		6332CA1720245FA40098C76D /* Build configuration list for PBXNativeTarget "Fri2febLayoutTests" */ = {
			isa = XCConfigurationList;
			buildConfigurations = (
				6332CA1820245FA40098C76D /* Debug */,
				6332CA1920245FA40098C76D /* Release */,
			);
			defaultConfigurationIsVisible = 0;
			defaultConfigurationName = Release;
		};
/* End XCConfigurationList section */
	};
	rootObject = 6332C9EF20245FA40098C76D /* Project object */;
}
